// !$*UTF8*$!
{
	archiveVersion = 1;
	classes = {
	};
	objectVersion = 56;
	objects = {

/* Begin PBXBuildFile section */
		0E3566B1FFA9CE7CF79DD94F /* CourtCard.swift in Sources */ = {isa = PBXBuildFile; fileRef = D55CB607F89B1B7F06382B8F /* CourtCard.swift */; };
		100000000000000000000011 /* MotionCoachApp.swift in Sources */ = {isa = PBXBuildFile; fileRef = 100000000000000000000001 /* MotionCoachApp.swift */; };
		100000000000000000000012 /* Models.swift in Sources */ = {isa = PBXBuildFile; fileRef = 100000000000000000000002 /* Models.swift */; };
		100000000000000000000013 /* SessionStore.swift in Sources */ = {isa = PBXBuildFile; fileRef = 100000000000000000000003 /* SessionStore.swift */; };
		100000000000000000000014 /* ShotDetector.swift in Sources */ = {isa = PBXBuildFile; fileRef = 100000000000000000000004 /* ShotDetector.swift */; };
		100000000000000000000015 /* CameraManager.swift in Sources */ = {isa = PBXBuildFile; fileRef = 100000000000000000000005 /* CameraManager.swift */; };
		100000000000000000000016 /* CameraPreview.swift in Sources */ = {isa = PBXBuildFile; fileRef = 100000000000000000000006 /* CameraPreview.swift */; };
		100000000000000000000017 /* ContentView.swift in Sources */ = {isa = PBXBuildFile; fileRef = 100000000000000000000007 /* ContentView.swift */; };
		100000000000000000000018 /* Assets.xcassets in Resources */ = {isa = PBXBuildFile; fileRef = 100000000000000000000008 /* Assets.xcassets */; };
		100000000000000000000019 /* best.mlpackage in Sources */ = {isa = PBXBuildFile; fileRef = 10000000000000000000000A /* best.mlpackage */; };
		103BA18D4E825518A8C91E82 /* DesignSystem.swift in Sources */ = {isa = PBXBuildFile; fileRef = 9E9A1AC39C9C095220567A4C /* DesignSystem.swift */; };
		5D5A107C63C60CA9A0E3539F /* FGRingView.swift in Sources */ = {isa = PBXBuildFile; fileRef = 91D85C110E4BA3649C0607CF /* FGRingView.swift */; };
		677F9B8114A8CEDDE4F89A68 /* CourtButton.swift in Sources */ = {isa = PBXBuildFile; fileRef = 518B0464FF4DA8C1AC97E1EC /* CourtButton.swift */; };
		7B826A4148C0FC3163FCDF94 /* CountdownOverlay.swift in Sources */ = {isa = PBXBuildFile; fileRef = FAB3D6B1E99949ED30134701 /* CountdownOverlay.swift */; };
		AFB73619F732F11B0AB7EAA9 /* AnimationHelpers.swift in Sources */ = {isa = PBXBuildFile; fileRef = 7CE4FEBB6275E8CBB97B93C0 /* AnimationHelpers.swift */; };
		A10000000000000000000001 /* FormAnalyzer.swift in Sources */ = {isa = PBXBuildFile; fileRef = A10000000000000000000011 /* FormAnalyzer.swift */; };
		A10000000000000000000002 /* SkeletonOverlay.swift in Sources */ = {isa = PBXBuildFile; fileRef = A10000000000000000000012 /* SkeletonOverlay.swift */; };
		A10000000000000000000003 /* FormHUD.swift in Sources */ = {isa = PBXBuildFile; fileRef = A10000000000000000000013 /* FormHUD.swift */; };
		A10000000000000000000004 /* FormSummaryContent.swift in Sources */ = {isa = PBXBuildFile; fileRef = A10000000000000000000014 /* FormSummaryContent.swift */; };
/* End PBXBuildFile section */

/* Begin PBXFileReference section */
		100000000000000000000001 /* MotionCoachApp.swift */ = {isa = PBXFileReference; lastKnownFileType = sourcecode.swift; path = MotionCoachApp.swift; sourceTree = "<group>"; };
		100000000000000000000002 /* Models.swift */ = {isa = PBXFileReference; lastKnownFileType = sourcecode.swift; path = Models.swift; sourceTree = "<group>"; };
		100000000000000000000003 /* SessionStore.swift */ = {isa = PBXFileReference; lastKnownFileType = sourcecode.swift; path = SessionStore.swift; sourceTree = "<group>"; };
		100000000000000000000004 /* ShotDetector.swift */ = {isa = PBXFileReference; lastKnownFileType = sourcecode.swift; path = ShotDetector.swift; sourceTree = "<group>"; };
		100000000000000000000005 /* CameraManager.swift */ = {isa = PBXFileReference; lastKnownFileType = sourcecode.swift; path = CameraManager.swift; sourceTree = "<group>"; };
		100000000000000000000006 /* CameraPreview.swift */ = {isa = PBXFileReference; lastKnownFileType = sourcecode.swift; path = CameraPreview.swift; sourceTree = "<group>"; };
		100000000000000000000007 /* ContentView.swift */ = {isa = PBXFileReference; lastKnownFileType = sourcecode.swift; path = ContentView.swift; sourceTree = "<group>"; };
		100000000000000000000008 /* Assets.xcassets */ = {isa = PBXFileReference; lastKnownFileType = folder.assetcatalog; path = Assets.xcassets; sourceTree = "<group>"; };
		100000000000000000000009 /* Info.plist */ = {isa = PBXFileReference; lastKnownFileType = text.plist.xml; path = Info.plist; sourceTree = "<group>"; };
		10000000000000000000000A /* best.mlpackage */ = {isa = PBXFileReference; lastKnownFileType = folder.mlpackage; path = best.mlpackage; sourceTree = "<group>"; };
		100000000000000000000020 /* MotionCoach.app */ = {isa = PBXFileReference; explicitFileType = wrapper.application; includeInIndex = 0; path = MotionCoach.app; sourceTree = BUILT_PRODUCTS_DIR; };
		518B0464FF4DA8C1AC97E1EC /* CourtButton.swift */ = {isa = PBXFileReference; includeInIndex = 1; lastKnownFileType = sourcecode.swift; path = CourtButton.swift; sourceTree = "<group>"; };
		7CE4FEBB6275E8CBB97B93C0 /* AnimationHelpers.swift */ = {isa = PBXFileReference; includeInIndex = 1; lastKnownFileType = sourcecode.swift; path = AnimationHelpers.swift; sourceTree = "<group>"; };
		91D85C110E4BA3649C0607CF /* FGRingView.swift */ = {isa = PBXFileReference; includeInIndex = 1; lastKnownFileType = sourcecode.swift; path = FGRingView.swift; sourceTree = "<group>"; };
		9E9A1AC39C9C095220567A4C /* DesignSystem.swift */ = {isa = PBXFileReference; includeInIndex = 1; lastKnownFileType = sourcecode.swift; path = DesignSystem.swift; sourceTree = "<group>"; };
		D55CB607F89B1B7F06382B8F /* CourtCard.swift */ = {isa = PBXFileReference; includeInIndex = 1; lastKnownFileType = sourcecode.swift; path = CourtCard.swift; sourceTree = "<group>"; };
		FAB3D6B1E99949ED30134701 /* CountdownOverlay.swift */ = {isa = PBXFileReference; includeInIndex = 1; lastKnownFileType = sourcecode.swift; path = CountdownOverlay.swift; sourceTree = "<group>"; };
		A10000000000000000000011 /* FormAnalyzer.swift */ = {isa = PBXFileReference; lastKnownFileType = sourcecode.swift; path = FormAnalyzer.swift; sourceTree = "<group>"; };
		A10000000000000000000012 /* SkeletonOverlay.swift */ = {isa = PBXFileReference; lastKnownFileType = sourcecode.swift; path = SkeletonOverlay.swift; sourceTree = "<group>"; };
		A10000000000000000000013 /* FormHUD.swift */ = {isa = PBXFileReference; lastKnownFileType = sourcecode.swift; path = FormHUD.swift; sourceTree = "<group>"; };
		A10000000000000000000014 /* FormSummaryContent.swift */ = {isa = PBXFileReference; lastKnownFileType = sourcecode.swift; path = FormSummaryContent.swift; sourceTree = "<group>"; };
/* End PBXFileReference section */

/* Begin PBXFrameworksBuildPhase section */
		100000000000000000000030 /* Frameworks */ = {
			isa = PBXFrameworksBuildPhase;
			buildActionMask = 2147483647;
			files = (
			);
			runOnlyForDeploymentPostprocessing = 0;
		};
/* End PBXFrameworksBuildPhase section */

/* Begin PBXGroup section */
		100000000000000000000040 = {
			isa = PBXGroup;
			children = (
				100000000000000000000050 /* MotionCoach */,
				100000000000000000000060 /* Products */,
			);
			sourceTree = "<group>";
		};
		100000000000000000000050 /* MotionCoach */ = {
			isa = PBXGroup;
			children = (
				100000000000000000000001 /* MotionCoachApp.swift */,
				100000000000000000000002 /* Models.swift */,
				100000000000000000000003 /* SessionStore.swift */,
				100000000000000000000004 /* ShotDetector.swift */,
				100000000000000000000005 /* CameraManager.swift */,
				100000000000000000000006 /* CameraPreview.swift */,
				100000000000000000000007 /* ContentView.swift */,
				100000000000000000000008 /* Assets.xcassets */,
				10000000000000000000000A /* best.mlpackage */,
				100000000000000000000009 /* Info.plist */,
				9E9A1AC39C9C095220567A4C /* DesignSystem.swift */,
				518B0464FF4DA8C1AC97E1EC /* CourtButton.swift */,
				D55CB607F89B1B7F06382B8F /* CourtCard.swift */,
				91D85C110E4BA3649C0607CF /* FGRingView.swift */,
				FAB3D6B1E99949ED30134701 /* CountdownOverlay.swift */,
				7CE4FEBB6275E8CBB97B93C0 /* AnimationHelpers.swift */,
				A10000000000000000000011 /* FormAnalyzer.swift */,
				A10000000000000000000012 /* SkeletonOverlay.swift */,
				A10000000000000000000013 /* FormHUD.swift */,
				A10000000000000000000014 /* FormSummaryContent.swift */,
			);
			path = MotionCoach;
			sourceTree = "<group>";
		};
		100000000000000000000060 /* Products */ = {
			isa = PBXGroup;
			children = (
				100000000000000000000020 /* MotionCoach.app */,
			);
			name = Products;
			sourceTree = "<group>";
		};
/* End PBXGroup section */

/* Begin PBXNativeTarget section */
		100000000000000000000070 /* MotionCoach */ = {
			isa = PBXNativeTarget;
			buildConfigurationList = 100000000000000000000080 /* Build configuration list for PBXNativeTarget "MotionCoach" */;
			buildPhases = (
				100000000000000000000090 /* Sources */,
				100000000000000000000030 /* Frameworks */,
				100000000000000000000091 /* Resources */,
			);
			buildRules = (
			);
			dependencies = (
			);
			name = MotionCoach;
			productName = MotionCoach;
			productReference = 100000000000000000000020 /* MotionCoach.app */;
			productType = "com.apple.product-type.application";
		};
/* End PBXNativeTarget section */

/* Begin PBXProject section */
		100000000000000000000100 /* Project object */ = {
			isa = PBXProject;
			attributes = {
				BuildIndependentTargetsInParallel = 1;
				LastSwiftUpdateCheck = 1600;
				LastUpgradeCheck = 1600;
				TargetAttributes = {
					100000000000000000000070 = {
						CreatedOnToolsVersion = 16.0;
					};
				};
			};
			buildConfigurationList = 100000000000000000000110 /* Build configuration list for PBXProject "MotionCoach" */;
			compatibilityVersion = "Xcode 14.0";
			developmentRegion = en;
			hasScannedForEncodings = 0;
			knownRegions = (
				en,
				Base,
			);
			mainGroup = 100000000000000000000040;
			productRefGroup = 100000000000000000000060 /* Products */;
			projectDirPath = "";
			projectRoot = "";
			targets = (
				100000000000000000000070 /* MotionCoach */,
			);
		};
/* End PBXProject section */

/* Begin PBXResourcesBuildPhase section */
		100000000000000000000091 /* Resources */ = {
			isa = PBXResourcesBuildPhase;
			buildActionMask = 2147483647;
			files = (
				100000000000000000000018 /* Assets.xcassets in Resources */,
			);
			runOnlyForDeploymentPostprocessing = 0;
		};
/* End PBXResourcesBuildPhase section */

/* Begin PBXSourcesBuildPhase section */
		100000000000000000000090 /* Sources */ = {
			isa = PBXSourcesBuildPhase;
			buildActionMask = 2147483647;
			files = (
				100000000000000000000011 /* MotionCoachApp.swift in Sources */,
				100000000000000000000012 /* Models.swift in Sources */,
				100000000000000000000013 /* SessionStore.swift in Sources */,
				100000000000000000000014 /* ShotDetector.swift in Sources */,
				100000000000000000000015 /* CameraManager.swift in Sources */,
				100000000000000000000016 /* CameraPreview.swift in Sources */,
				100000000000000000000017 /* ContentView.swift in Sources */,
				100000000000000000000019 /* best.mlpackage in Sources */,
				103BA18D4E825518A8C91E82 /* DesignSystem.swift in Sources */,
				677F9B8114A8CEDDE4F89A68 /* CourtButton.swift in Sources */,
				0E3566B1FFA9CE7CF79DD94F /* CourtCard.swift in Sources */,
				5D5A107C63C60CA9A0E3539F /* FGRingView.swift in Sources */,
				7B826A4148C0FC3163FCDF94 /* CountdownOverlay.swift in Sources */,
				AFB73619F732F11B0AB7EAA9 /* AnimationHelpers.swift in Sources */,
				A10000000000000000000001 /* FormAnalyzer.swift in Sources */,
				A10000000000000000000002 /* SkeletonOverlay.swift in Sources */,
				A10000000000000000000003 /* FormHUD.swift in Sources */,
				A10000000000000000000004 /* FormSummaryContent.swift in Sources */,
			);
			runOnlyForDeploymentPostprocessing = 0;
		};
/* End PBXSourcesBuildPhase section */

/* Begin XCBuildConfiguration section */
		100000000000000000000120 /* Debug */ = {
			isa = XCBuildConfiguration;
			buildSettings = {
				ALWAYS_SEARCH_USER_PATHS = NO;
				CLANG_ANALYZER_NONNULL = YES;
				CLANG_ANALYZER_NUMBER_OBJECT_CONVERSION = YES_AGGRESSIVE;
				CLANG_CXX_LANGUAGE_STANDARD = "gnu++20";
				CLANG_ENABLE_MODULES = YES;
				CLANG_ENABLE_OBJC_ARC = YES;
				CLANG_ENABLE_OBJC_WEAK = YES;
				CLANG_WARN_BLOCK_CAPTURE_AUTORELEASING = YES;
				CLANG_WARN_BOOL_CONVERSION = YES;
				CLANG_WARN_COMMA = YES;
				CLANG_WARN_CONSTANT_CONVERSION = YES;
				CLANG_WARN_DEPRECATED_OBJC_IMPLEMENTATIONS = YES;
				CLANG_WARN_DIRECT_OBJC_ISA_USAGE = YES_ERROR;
				CLANG_WARN_DOCUMENTATION_COMMENTS = YES;
				CLANG_WARN_EMPTY_BODY = YES;
				CLANG_WARN_ENUM_CONVERSION = YES;
				CLANG_WARN_INFINITE_RECURSION = YES;
				CLANG_WARN_INT_CONVERSION = YES;
				CLANG_WARN_NON_LITERAL_NULL_CONVERSION = YES;
				CLANG_WARN_OBJC_IMPLICIT_RETAIN_SELF = YES;
				CLANG_WARN_OBJC_LITERAL_CONVERSION = YES;
				CLANG_WARN_OBJC_ROOT_CLASS = YES_ERROR;
				CLANG_WARN_QUOTED_INCLUDE_IN_FRAMEWORK_HEADER = YES;
				CLANG_WARN_RANGE_LOOP_ANALYSIS = YES;
				CLANG_WARN_STRICT_PROTOTYPES = YES;
				CLANG_WARN_SUSPICIOUS_MOVE = YES;
				CLANG_WARN_UNGUARDED_AVAILABILITY = YES_AGGRESSIVE;
				CLANG_WARN_UNREACHABLE_CODE = YES;
				CLANG_WARN__DUPLICATE_METHOD_MATCH = YES;
				COPY_PHASE_STRIP = NO;
				DEBUG_INFORMATION_FORMAT = dwarf;
				ENABLE_STRICT_OBJC_MSGSEND = YES;
				ENABLE_TESTABILITY = YES;
				ENABLE_USER_SCRIPT_SANDBOXING = YES;
				GCC_C_LANGUAGE_STANDARD = gnu17;
				GCC_DYNAMIC_NO_PIC = NO;
				GCC_NO_COMMON_BLOCKS = YES;
				GCC_OPTIMIZATION_LEVEL = 0;
				GCC_PREPROCESSOR_DEFINITIONS = (
					"DEBUG=1",
					"$(inherited)",
				);
				GCC_WARN_64_TO_32_BIT_CONVERSION = YES;
				GCC_WARN_ABOUT_RETURN_TYPE = YES_ERROR;
				GCC_WARN_UNDECLARED_SELECTOR = YES;
				GCC_WARN_UNINITIALIZED_AUTOS = YES_AGGRESSIVE;
				GCC_WARN_UNUSED_FUNCTION = YES;
				GCC_WARN_UNUSED_VARIABLE = YES;
				IPHONEOS_DEPLOYMENT_TARGET = 17.0;
				MTL_ENABLE_DEBUG_INFO = INCLUDE_SOURCE;
				MTL_FAST_MATH = YES;
				ONLY_ACTIVE_ARCH = YES;
				SDKROOT = iphoneos;
				SWIFT_ACTIVE_COMPILATION_CONDITIONS = DEBUG;
				SWIFT_OPTIMIZATION_LEVEL = "-Onone";
			};
			name = Debug;
		};
		100000000000000000000121 /* Release */ = {
			isa = XCBuildConfiguration;
			buildSettings = {
				ALWAYS_SEARCH_USER_PATHS = NO;
				CLANG_ANALYZER_NONNULL = YES;
				CLANG_ANALYZER_NUMBER_OBJECT_CONVERSION = YES_AGGRESSIVE;
				CLANG_CXX_LANGUAGE_STANDARD = "gnu++20";
				CLANG_ENABLE_MODULES = YES;
				CLANG_ENABLE_OBJC_ARC = YES;
				CLANG_ENABLE_OBJC_WEAK = YES;
				CLANG_WARN_BLOCK_CAPTURE_AUTORELEASING = YES;
				CLANG_WARN_BOOL_CONVERSION = YES;
				CLANG_WARN_COMMA = YES;
				CLANG_WARN_CONSTANT_CONVERSION = YES;
				CLANG_WARN_DEPRECATED_OBJC_IMPLEMENTATIONS = YES;
				CLANG_WARN_DIRECT_OBJC_ISA_USAGE = YES_ERROR;
				CLANG_WARN_DOCUMENTATION_COMMENTS = YES;
				CLANG_WARN_EMPTY_BODY = YES;
				CLANG_WARN_ENUM_CONVERSION = YES;
				CLANG_WARN_INFINITE_RECURSION = YES;
				CLANG_WARN_INT_CONVERSION = YES;
				CLANG_WARN_NON_LITERAL_NULL_CONVERSION = YES;
				CLANG_WARN_OBJC_IMPLICIT_RETAIN_SELF = YES;
				CLANG_WARN_OBJC_LITERAL_CONVERSION = YES;
				CLANG_WARN_OBJC_ROOT_CLASS = YES_ERROR;
				CLANG_WARN_QUOTED_INCLUDE_IN_FRAMEWORK_HEADER = YES;
				CLANG_WARN_RANGE_LOOP_ANALYSIS = YES;
				CLANG_WARN_STRICT_PROTOTYPES = YES;
				CLANG_WARN_SUSPICIOUS_MOVE = YES;
				CLANG_WARN_UNGUARDED_AVAILABILITY = YES_AGGRESSIVE;
				CLANG_WARN_UNREACHABLE_CODE = YES;
				CLANG_WARN__DUPLICATE_METHOD_MATCH = YES;
				COPY_PHASE_STRIP = NO;
				DEBUG_INFORMATION_FORMAT = "dwarf-with-dsym";
				ENABLE_NS_ASSERTIONS = NO;
				ENABLE_STRICT_OBJC_MSGSEND = YES;
				ENABLE_USER_SCRIPT_SANDBOXING = YES;
				GCC_C_LANGUAGE_STANDARD = gnu17;
				GCC_NO_COMMON_BLOCKS = YES;
				GCC_WARN_64_TO_32_BIT_CONVERSION = YES;
				GCC_WARN_ABOUT_RETURN_TYPE = YES_ERROR;
				GCC_WARN_UNDECLARED_SELECTOR = YES;
				GCC_WARN_UNINITIALIZED_AUTOS = YES_AGGRESSIVE;
				GCC_WARN_UNUSED_FUNCTION = YES;
				GCC_WARN_UNUSED_VARIABLE = YES;
				IPHONEOS_DEPLOYMENT_TARGET = 17.0;
				MTL_ENABLE_DEBUG_INFO = NO;
				MTL_FAST_MATH = YES;
				SDKROOT = iphoneos;
				SWIFT_COMPILATION_MODE = wholemodule;
				SWIFT_OPTIMIZATION_LEVEL = "-O";
				VALIDATE_PRODUCT = YES;
			};
			name = Release;
		};
		100000000000000000000130 /* Debug */ = {
			isa = XCBuildConfiguration;
			buildSettings = {
				ASSETCATALOG_COMPILER_APPICON_NAME = AppIcon;
				CODE_SIGN_STYLE = Automatic;
				CURRENT_PROJECT_VERSION = 1;
				DEVELOPMENT_ASSET_PATHS = "";
				DEVELOPMENT_TEAM = L77LA4GLFN;
				GENERATE_INFOPLIST_FILE = NO;
				INFOPLIST_FILE = MotionCoach/Info.plist;
				IPHONEOS_DEPLOYMENT_TARGET = 17.0;
				LD_RUNPATH_SEARCH_PATHS = (
					"$(inherited)",
					"@executable_path/Frameworks",
				);
				MARKETING_VERSION = 1.0;
				PRODUCT_BUNDLE_IDENTIFIER = com.motioncoach.mvp;
				PRODUCT_NAME = "$(TARGET_NAME)";
				SWIFT_EMIT_LOC_STRINGS = YES;
				SWIFT_VERSION = 5.0;
				TARGETED_DEVICE_FAMILY = "1,2";
			};
			name = Debug;
		};
		100000000000000000000131 /* Release */ = {
			isa = XCBuildConfiguration;
			buildSettings = {
				ASSETCATALOG_COMPILER_APPICON_NAME = AppIcon;
				CODE_SIGN_STYLE = Automatic;
				CURRENT_PROJECT_VERSION = 1;
				DEVELOPMENT_ASSET_PATHS = "";
				DEVELOPMENT_TEAM = L77LA4GLFN;
				GENERATE_INFOPLIST_FILE = NO;
				INFOPLIST_FILE = MotionCoach/Info.plist;
				IPHONEOS_DEPLOYMENT_TARGET = 17.0;
				LD_RUNPATH_SEARCH_PATHS = (
					"$(inherited)",
					"@executable_path/Frameworks",
				);
				MARKETING_VERSION = 1.0;
				PRODUCT_BUNDLE_IDENTIFIER = com.motioncoach.mvp;
				PRODUCT_NAME = "$(TARGET_NAME)";
				SWIFT_EMIT_LOC_STRINGS = YES;
				SWIFT_VERSION = 5.0;
				TARGETED_DEVICE_FAMILY = "1,2";
			};
			name = Release;
		};
/* End XCBuildConfiguration section */

/* Begin XCConfigurationList section */
		100000000000000000000080 /* Build configuration list for PBXNativeTarget "MotionCoach" */ = {
			isa = XCConfigurationList;
			buildConfigurations = (
				100000000000000000000130 /* Debug */,
				100000000000000000000131 /* Release */,
			);
			defaultConfigurationIsVisible = 0;
			defaultConfigurationName = Release;
		};
		100000000000000000000110 /* Build configuration list for PBXProject "MotionCoach" */ = {
			isa = XCConfigurationList;
			buildConfigurations = (
				100000000000000000000120 /* Debug */,
				100000000000000000000121 /* Release */,
			);
			defaultConfigurationIsVisible = 0;
			defaultConfigurationName = Release;
		};
/* End XCConfigurationList section */
	};
	rootObject = 100000000000000000000100 /* Project object */;
}
